// !$*UTF8*$!
{
	archiveVersion = 1;
	classes = {
	};
	objectVersion = 56;
	objects = {

/* Begin PBXBuildFile section */
		0D7130DC2B83FE4F00DEA7D2 /* TableViewController.swift in Sources */ = {isa = PBXBuildFile; fileRef = 0D7130DB2B83FE4F00DEA7D2 /* TableViewController.swift */; };
		0D7130DE2B83FE6A00DEA7D2 /* TableViewCell.swift in Sources */ = {isa = PBXBuildFile; fileRef = 0D7130DD2B83FE6A00DEA7D2 /* TableViewCell.swift */; };
		0DDC4EB32B83FCCA000345F9 /* AppDelegate.swift in Sources */ = {isa = PBXBuildFile; fileRef = 0DDC4EB22B83FCCA000345F9 /* AppDelegate.swift */; };
		0DDC4EB52B83FCCA000345F9 /* SceneDelegate.swift in Sources */ = {isa = PBXBuildFile; fileRef = 0DDC4EB42B83FCCA000345F9 /* SceneDelegate.swift */; };
		0DDC4EB72B83FCCA000345F9 /* ViewController.swift in Sources */ = {isa = PBXBuildFile; fileRef = 0DDC4EB62B83FCCA000345F9 /* ViewController.swift */; };
		0DDC4EBA2B83FCCA000345F9 /* Main.storyboard in Resources */ = {isa = PBXBuildFile; fileRef = 0DDC4EB82B83FCCA000345F9 /* Main.storyboard */; };
		0DDC4EBC2B83FCCB000345F9 /* Assets.xcassets in Resources */ = {isa = PBXBuildFile; fileRef = 0DDC4EBB2B83FCCB000345F9 /* Assets.xcassets */; };
		0DDC4EBF2B83FCCB000345F9 /* LaunchScreen.storyboard in Resources */ = {isa = PBXBuildFile; fileRef = 0DDC4EBD2B83FCCB000345F9 /* LaunchScreen.storyboard */; };
		0DDC4ECA2B83FCCB000345F9 /* Lab_6Tests.swift in Sources */ = {isa = PBXBuildFile; fileRef = 0DDC4EC92B83FCCB000345F9 /* Lab_6Tests.swift */; };
		0DDC4ED42B83FCCB000345F9 /* Lab_6UITests.swift in Sources */ = {isa = PBXBuildFile; fileRef = 0DDC4ED32B83FCCB000345F9 /* Lab_6UITests.swift */; };
		0DDC4ED62B83FCCB000345F9 /* Lab_6UITestsLaunchTests.swift in Sources */ = {isa = PBXBuildFile; fileRef = 0DDC4ED52B83FCCB000345F9 /* Lab_6UITestsLaunchTests.swift */; };
/* End PBXBuildFile section */

/* Begin PBXContainerItemProxy section */
		0DDC4EC62B83FCCB000345F9 /* PBXContainerItemProxy */ = {
			isa = PBXContainerItemProxy;
			containerPortal = 0DDC4EA72B83FCCA000345F9 /* Project object */;
			proxyType = 1;
			remoteGlobalIDString = 0DDC4EAE2B83FCCA000345F9;
			remoteInfo = Lab_6;
		};
		0DDC4ED02B83FCCB000345F9 /* PBXContainerItemProxy */ = {
			isa = PBXContainerItemProxy;
			containerPortal = 0DDC4EA72B83FCCA000345F9 /* Project object */;
			proxyType = 1;
			remoteGlobalIDString = 0DDC4EAE2B83FCCA000345F9;
			remoteInfo = Lab_6;
		};
/* End PBXContainerItemProxy section */

/* Begin PBXFileReference section */
		0D7130DB2B83FE4F00DEA7D2 /* TableViewController.swift */ = {isa = PBXFileReference; lastKnownFileType = sourcecode.swift; path = TableViewController.swift; sourceTree = "<group>"; };
		0D7130DD2B83FE6A00DEA7D2 /* TableViewCell.swift */ = {isa = PBXFileReference; lastKnownFileType = sourcecode.swift; path = TableViewCell.swift; sourceTree = "<group>"; };
		0DDC4EAF2B83FCCA000345F9 /* Lab_6.app */ = {isa = PBXFileReference; explicitFileType = wrapper.application; includeInIndex = 0; path = Lab_6.app; sourceTree = BUILT_PRODUCTS_DIR; };
		0DDC4EB22B83FCCA000345F9 /* AppDelegate.swift */ = {isa = PBXFileReference; lastKnownFileType = sourcecode.swift; path = AppDelegate.swift; sourceTree = "<group>"; };
		0DDC4EB42B83FCCA000345F9 /* SceneDelegate.swift */ = {isa = PBXFileReference; lastKnownFileType = sourcecode.swift; path = SceneDelegate.swift; sourceTree = "<group>"; };
		0DDC4EB62B83FCCA000345F9 /* ViewController.swift */ = {isa = PBXFileReference; lastKnownFileType = sourcecode.swift; path = ViewController.swift; sourceTree = "<group>"; };
		0DDC4EB92B83FCCA000345F9 /* Base */ = {isa = PBXFileReference; lastKnownFileType = file.storyboard; name = Base; path = Base.lproj/Main.storyboard; sourceTree = "<group>"; };
		0DDC4EBB2B83FCCB000345F9 /* Assets.xcassets */ = {isa = PBXFileReference; lastKnownFileType = folder.assetcatalog; path = Assets.xcassets; sourceTree = "<group>"; };
		0DDC4EBE2B83FCCB000345F9 /* Base */ = {isa = PBXFileReference; lastKnownFileType = file.storyboard; name = Base; path = Base.lproj/LaunchScreen.storyboard; sourceTree = "<group>"; };
		0DDC4EC02B83FCCB000345F9 /* Info.plist */ = {isa = PBXFileReference; lastKnownFileType = text.plist.xml; path = Info.plist; sourceTree = "<group>"; };
		0DDC4EC52B83FCCB000345F9 /* Lab_6Tests.xctest */ = {isa = PBXFileReference; explicitFileType = wrapper.cfbundle; includeInIndex = 0; path = Lab_6Tests.xctest; sourceTree = BUILT_PRODUCTS_DIR; };
		0DDC4EC92B83FCCB000345F9 /* Lab_6Tests.swift */ = {isa = PBXFileReference; lastKnownFileType = sourcecode.swift; path = Lab_6Tests.swift; sourceTree = "<group>"; };
		0DDC4ECF2B83FCCB000345F9 /* Lab_6UITests.xctest */ = {isa = PBXFileReference; explicitFileType = wrapper.cfbundle; includeInIndex = 0; path = Lab_6UITests.xctest; sourceTree = BUILT_PRODUCTS_DIR; };
		0DDC4ED32B83FCCB000345F9 /* Lab_6UITests.swift */ = {isa = PBXFileReference; lastKnownFileType = sourcecode.swift; path = Lab_6UITests.swift; sourceTree = "<group>"; };
		0DDC4ED52B83FCCB000345F9 /* Lab_6UITestsLaunchTests.swift */ = {isa = PBXFileReference; lastKnownFileType = sourcecode.swift; path = Lab_6UITestsLaunchTests.swift; sourceTree = "<group>"; };
/* End PBXFileReference section */

/* Begin PBXFrameworksBuildPhase section */
		0DDC4EAC2B83FCCA000345F9 /* Frameworks */ = {
			isa = PBXFrameworksBuildPhase;
			buildActionMask = 2147483647;
			files = (
			);
			runOnlyForDeploymentPostprocessing = 0;
		};
		0DDC4EC22B83FCCB000345F9 /* Frameworks */ = {
			isa = PBXFrameworksBuildPhase;
			buildActionMask = 2147483647;
			files = (
			);
			runOnlyForDeploymentPostprocessing = 0;
		};
		0DDC4ECC2B83FCCB000345F9 /* Frameworks */ = {
			isa = PBXFrameworksBuildPhase;
			buildActionMask = 2147483647;
			files = (
			);
			runOnlyForDeploymentPostprocessing = 0;
		};
/* End PBXFrameworksBuildPhase section */

/* Begin PBXGroup section */
		0DDC4EA62B83FCCA000345F9 = {
			isa = PBXGroup;
			children = (
				0DDC4EB12B83FCCA000345F9 /* Lab_6 */,
				0DDC4EC82B83FCCB000345F9 /* Lab_6Tests */,
				0DDC4ED22B83FCCB000345F9 /* Lab_6UITests */,
				0DDC4EB02B83FCCA000345F9 /* Products */,
			);
			sourceTree = "<group>";
		};
		0DDC4EB02B83FCCA000345F9 /* Products */ = {
			isa = PBXGroup;
			children = (
				0DDC4EAF2B83FCCA000345F9 /* Lab_6.app */,
				0DDC4EC52B83FCCB000345F9 /* Lab_6Tests.xctest */,
				0DDC4ECF2B83FCCB000345F9 /* Lab_6UITests.xctest */,
			);
			name = Products;
			sourceTree = "<group>";
		};
		0DDC4EB12B83FCCA000345F9 /* Lab_6 */ = {
			isa = PBXGroup;
			children = (
				0DDC4EB22B83FCCA000345F9 /* AppDelegate.swift */,
				0DDC4EB42B83FCCA000345F9 /* SceneDelegate.swift */,
				0DDC4EB62B83FCCA000345F9 /* ViewController.swift */,
				0DDC4EB82B83FCCA000345F9 /* Main.storyboard */,
				0D7130DB2B83FE4F00DEA7D2 /* TableViewController.swift */,
				0D7130DD2B83FE6A00DEA7D2 /* TableViewCell.swift */,
				0DDC4EBB2B83FCCB000345F9 /* Assets.xcassets */,
				0DDC4EBD2B83FCCB000345F9 /* LaunchScreen.storyboard */,
				0DDC4EC02B83FCCB000345F9 /* Info.plist */,
			);
			path = Lab_6;
			sourceTree = "<group>";
		};
		0DDC4EC82B83FCCB000345F9 /* Lab_6Tests */ = {
			isa = PBXGroup;
			children = (
				0DDC4EC92B83FCCB000345F9 /* Lab_6Tests.swift */,
			);
			path = Lab_6Tests;
			sourceTree = "<group>";
		};
		0DDC4ED22B83FCCB000345F9 /* Lab_6UITests */ = {
			isa = PBXGroup;
			children = (
				0DDC4ED32B83FCCB000345F9 /* Lab_6UITests.swift */,
				0DDC4ED52B83FCCB000345F9 /* Lab_6UITestsLaunchTests.swift */,
			);
			path = Lab_6UITests;
			sourceTree = "<group>";
		};
/* End PBXGroup section */

/* Begin PBXNativeTarget section */
		0DDC4EAE2B83FCCA000345F9 /* Lab_6 */ = {
			isa = PBXNativeTarget;
			buildConfigurationList = 0DDC4ED92B83FCCB000345F9 /* Build configuration list for PBXNativeTarget "Lab_6" */;
			buildPhases = (
				0DDC4EAB2B83FCCA000345F9 /* Sources */,
				0DDC4EAC2B83FCCA000345F9 /* Frameworks */,
				0DDC4EAD2B83FCCA000345F9 /* Resources */,
			);
			buildRules = (
			);
			dependencies = (
			);
			name = Lab_6;
			productName = Lab_6;
			productReference = 0DDC4EAF2B83FCCA000345F9 /* Lab_6.app */;
			productType = "com.apple.product-type.application";
		};
		0DDC4EC42B83FCCB000345F9 /* Lab_6Tests */ = {
			isa = PBXNativeTarget;
			buildConfigurationList = 0DDC4EDC2B83FCCB000345F9 /* Build configuration list for PBXNativeTarget "Lab_6Tests" */;
			buildPhases = (
				0DDC4EC12B83FCCB000345F9 /* Sources */,
				0DDC4EC22B83FCCB000345F9 /* Frameworks */,
				0DDC4EC32B83FCCB000345F9 /* Resources */,
			);
			buildRules = (
			);
			dependencies = (
				0DDC4EC72B83FCCB000345F9 /* PBXTargetDependency */,
			);
			name = Lab_6Tests;
			productName = Lab_6Tests;
			productReference = 0DDC4EC52B83FCCB000345F9 /* Lab_6Tests.xctest */;
			productType = "com.apple.product-type.bundle.unit-test";
		};
		0DDC4ECE2B83FCCB000345F9 /* Lab_6UITests */ = {
			isa = PBXNativeTarget;
			buildConfigurationList = 0DDC4EDF2B83FCCB000345F9 /* Build configuration list for PBXNativeTarget "Lab_6UITests" */;
			buildPhases = (
				0DDC4ECB2B83FCCB000345F9 /* Sources */,
				0DDC4ECC2B83FCCB000345F9 /* Frameworks */,
				0DDC4ECD2B83FCCB000345F9 /* Resources */,
			);
			buildRules = (
			);
			dependencies = (
				0DDC4ED12B83FCCB000345F9 /* PBXTargetDependency */,
			);
			name = Lab_6UITests;
			productName = Lab_6UITests;
			productReference = 0DDC4ECF2B83FCCB000345F9 /* Lab_6UITests.xctest */;
			productType = "com.apple.product-type.bundle.ui-testing";
		};
/* End PBXNativeTarget section */

/* Begin PBXProject section */
		0DDC4EA72B83FCCA000345F9 /* Project object */ = {
			isa = PBXProject;
			attributes = {
				BuildIndependentTargetsInParallel = 1;
				LastSwiftUpdateCheck = 1420;
				LastUpgradeCheck = 1420;
				TargetAttributes = {
					0DDC4EAE2B83FCCA000345F9 = {
						CreatedOnToolsVersion = 14.2;
					};
					0DDC4EC42B83FCCB000345F9 = {
						CreatedOnToolsVersion = 14.2;
						TestTargetID = 0DDC4EAE2B83FCCA000345F9;
					};
					0DDC4ECE2B83FCCB000345F9 = {
						CreatedOnToolsVersion = 14.2;
						TestTargetID = 0DDC4EAE2B83FCCA000345F9;
					};
				};
			};
			buildConfigurationList = 0DDC4EAA2B83FCCA000345F9 /* Build configuration list for PBXProject "Lab_6" */;
			compatibilityVersion = "Xcode 14.0";
			developmentRegion = en;
			hasScannedForEncodings = 0;
			knownRegions = (
				en,
				Base,
			);
			mainGroup = 0DDC4EA62B83FCCA000345F9;
			productRefGroup = 0DDC4EB02B83FCCA000345F9 /* Products */;
			projectDirPath = "";
			projectRoot = "";
			targets = (
				0DDC4EAE2B83FCCA000345F9 /* Lab_6 */,
				0DDC4EC42B83FCCB000345F9 /* Lab_6Tests */,
				0DDC4ECE2B83FCCB000345F9 /* Lab_6UITests */,
			);
		};
/* End PBXProject section */

/* Begin PBXResourcesBuildPhase section */
		0DDC4EAD2B83FCCA000345F9 /* Resources */ = {
			isa = PBXResourcesBuildPhase;
			buildActionMask = 2147483647;
			files = (
				0DDC4EBF2B83FCCB000345F9 /* LaunchScreen.storyboard in Resources */,
				0DDC4EBC2B83FCCB000345F9 /* Assets.xcassets in Resources */,
				0DDC4EBA2B83FCCA000345F9 /* Main.storyboard in Resources */,
			);
			runOnlyForDeploymentPostprocessing = 0;
		};
		0DDC4EC32B83FCCB000345F9 /* Resources */ = {
			isa = PBXResourcesBuildPhase;
			buildActionMask = 2147483647;
			files = (
			);
			runOnlyForDeploymentPostprocessing = 0;
		};
		0DDC4ECD2B83FCCB000345F9 /* Resources */ = {
			isa = PBXResourcesBuildPhase;
			buildActionMask = 2147483647;
			files = (
			);
			runOnlyForDeploymentPostprocessing = 0;
		};
/* End PBXResourcesBuildPhase section */

/* Begin PBXSourcesBuildPhase section */
		0DDC4EAB2B83FCCA000345F9 /* Sources */ = {
			isa = PBXSourcesBuildPhase;
			buildActionMask = 2147483647;
			files = (
				0D7130DE2B83FE6A00DEA7D2 /* TableViewCell.swift in Sources */,
				0DDC4EB72B83FCCA000345F9 /* ViewController.swift in Sources */,
				0DDC4EB32B83FCCA000345F9 /* AppDelegate.swift in Sources */,
				0DDC4EB52B83FCCA000345F9 /* SceneDelegate.swift in Sources */,
				0D7130DC2B83FE4F00DEA7D2 /* TableViewController.swift in Sources */,
			);
			runOnlyForDeploymentPostprocessing = 0;
		};
		0DDC4EC12B83FCCB000345F9 /* Sources */ = {
			isa = PBXSourcesBuildPhase;
			buildActionMask = 2147483647;
			files = (
				0DDC4ECA2B83FCCB000345F9 /* Lab_6Tests.swift in Sources */,
			);
			runOnlyForDeploymentPostprocessing = 0;
		};
		0DDC4ECB2B83FCCB000345F9 /* Sources */ = {
			isa = PBXSourcesBuildPhase;
			buildActionMask = 2147483647;
			files = (
				0DDC4ED42B83FCCB000345F9 /* Lab_6UITests.swift in Sources */,
				0DDC4ED62B83FCCB000345F9 /* Lab_6UITestsLaunchTests.swift in Sources */,
			);
			runOnlyForDeploymentPostprocessing = 0;
		};
/* End PBXSourcesBuildPhase section */

/* Begin PBXTargetDependency section */
		0DDC4EC72B83FCCB000345F9 /* PBXTargetDependency */ = {
			isa = PBXTargetDependency;
			target = 0DDC4EAE2B83FCCA000345F9 /* Lab_6 */;
			targetProxy = 0DDC4EC62B83FCCB000345F9 /* PBXContainerItemProxy */;
		};
		0DDC4ED12B83FCCB000345F9 /* PBXTargetDependency */ = {
			isa = PBXTargetDependency;
			target = 0DDC4EAE2B83FCCA000345F9 /* Lab_6 */;
			targetProxy = 0DDC4ED02B83FCCB000345F9 /* PBXContainerItemProxy */;
		};
/* End PBXTargetDependency section */

/* Begin PBXVariantGroup section */
		0DDC4EB82B83FCCA000345F9 /* Main.storyboard */ = {
			isa = PBXVariantGroup;
			children = (
				0DDC4EB92B83FCCA000345F9 /* Base */,
			);
			name = Main.storyboard;
			sourceTree = "<group>";
		};
		0DDC4EBD2B83FCCB000345F9 /* LaunchScreen.storyboard */ = {
			isa = PBXVariantGroup;
			children = (
				0DDC4EBE2B83FCCB000345F9 /* Base */,
			);
			name = LaunchScreen.storyboard;
			sourceTree = "<group>";
		};
/* End PBXVariantGroup section */

/* Begin XCBuildConfiguration section */
		0DDC4ED72B83FCCB000345F9 /* Debug */ = {
			isa = XCBuildConfiguration;
			buildSettings = {
				ALWAYS_SEARCH_USER_PATHS = NO;
				CLANG_ANALYZER_NONNULL = YES;
				CLANG_ANALYZER_NUMBER_OBJECT_CONVERSION = YES_AGGRESSIVE;
				CLANG_CXX_LANGUAGE_STANDARD = "gnu++20";
				CLANG_ENABLE_MODULES = YES;
				CLANG_ENABLE_OBJC_ARC = YES;
				CLANG_ENABLE_OBJC_WEAK = YES;
				CLANG_WARN_BLOCK_CAPTURE_AUTORELEASING = YES;
				CLANG_WARN_BOOL_CONVERSION = YES;
				CLANG_WARN_COMMA = YES;
				CLANG_WARN_CONSTANT_CONVERSION = YES;
				CLANG_WARN_DEPRECATED_OBJC_IMPLEMENTATIONS = YES;
				CLANG_WARN_DIRECT_OBJC_ISA_USAGE = YES_ERROR;
				CLANG_WARN_DOCUMENTATION_COMMENTS = YES;
				CLANG_WARN_EMPTY_BODY = YES;
				CLANG_WARN_ENUM_CONVERSION = YES;
				CLANG_WARN_INFINITE_RECURSION = YES;
				CLANG_WARN_INT_CONVERSION = YES;
				CLANG_WARN_NON_LITERAL_NULL_CONVERSION = YES;
				CLANG_WARN_OBJC_IMPLICIT_RETAIN_SELF = YES;
				CLANG_WARN_OBJC_LITERAL_CONVERSION = YES;
				CLANG_WARN_OBJC_ROOT_CLASS = YES_ERROR;
				CLANG_WARN_QUOTED_INCLUDE_IN_FRAMEWORK_HEADER = YES;
				CLANG_WARN_RANGE_LOOP_ANALYSIS = YES;
				CLANG_WARN_STRICT_PROTOTYPES = YES;
				CLANG_WARN_SUSPICIOUS_MOVE = YES;
				CLANG_WARN_UNGUARDED_AVAILABILITY = YES_AGGRESSIVE;
				CLANG_WARN_UNREACHABLE_CODE = YES;
				CLANG_WARN__DUPLICATE_METHOD_MATCH = YES;
				COPY_PHASE_STRIP = NO;
				DEBUG_INFORMATION_FORMAT = dwarf;
				ENABLE_STRICT_OBJC_MSGSEND = YES;
				ENABLE_TESTABILITY = YES;
				GCC_C_LANGUAGE_STANDARD = gnu11;
				GCC_DYNAMIC_NO_PIC = NO;
				GCC_NO_COMMON_BLOCKS = YES;
				GCC_OPTIMIZATION_LEVEL = 0;
				GCC_PREPROCESSOR_DEFINITIONS = (
					"DEBUG=1",
					"$(inherited)",
				);
				GCC_WARN_64_TO_32_BIT_CONVERSION = YES;
				GCC_WARN_ABOUT_RETURN_TYPE = YES_ERROR;
				GCC_WARN_UNDECLARED_SELECTOR = YES;
				GCC_WARN_UNINITIALIZED_AUTOS = YES_AGGRESSIVE;
				GCC_WARN_UNUSED_FUNCTION = YES;
				GCC_WARN_UNUSED_VARIABLE = YES;
				IPHONEOS_DEPLOYMENT_TARGET = 16.2;
				MTL_ENABLE_DEBUG_INFO = INCLUDE_SOURCE;
				MTL_FAST_MATH = YES;
				ONLY_ACTIVE_ARCH = YES;
				SDKROOT = iphoneos;
				SWIFT_ACTIVE_COMPILATION_CONDITIONS = DEBUG;
				SWIFT_OPTIMIZATION_LEVEL = "-Onone";
			};
			name = Debug;
		};
		0DDC4ED82B83FCCB000345F9 /* Release */ = {
			isa = XCBuildConfiguration;
			buildSettings = {
				ALWAYS_SEARCH_USER_PATHS = NO;
				CLANG_ANALYZER_NONNULL = YES;
				CLANG_ANALYZER_NUMBER_OBJECT_CONVERSION = YES_AGGRESSIVE;
				CLANG_CXX_LANGUAGE_STANDARD = "gnu++20";
				CLANG_ENABLE_MODULES = YES;
				CLANG_ENABLE_OBJC_ARC = YES;
				CLANG_ENABLE_OBJC_WEAK = YES;
				CLANG_WARN_BLOCK_CAPTURE_AUTORELEASING = YES;
				CLANG_WARN_BOOL_CONVERSION = YES;
				CLANG_WARN_COMMA = YES;
				CLANG_WARN_CONSTANT_CONVERSION = YES;
				CLANG_WARN_DEPRECATED_OBJC_IMPLEMENTATIONS = YES;
				CLANG_WARN_DIRECT_OBJC_ISA_USAGE = YES_ERROR;
				CLANG_WARN_DOCUMENTATION_COMMENTS = YES;
				CLANG_WARN_EMPTY_BODY = YES;
				CLANG_WARN_ENUM_CONVERSION = YES;
				CLANG_WARN_INFINITE_RECURSION = YES;
				CLANG_WARN_INT_CONVERSION = YES;
				CLANG_WARN_NON_LITERAL_NULL_CONVERSION = YES;
				CLANG_WARN_OBJC_IMPLICIT_RETAIN_SELF = YES;
				CLANG_WARN_OBJC_LITERAL_CONVERSION = YES;
				CLANG_WARN_OBJC_ROOT_CLASS = YES_ERROR;
				CLANG_WARN_QUOTED_INCLUDE_IN_FRAMEWORK_HEADER = YES;
				CLANG_WARN_RANGE_LOOP_ANALYSIS = YES;
				CLANG_WARN_STRICT_PROTOTYPES = YES;
				CLANG_WARN_SUSPICIOUS_MOVE = YES;
				CLANG_WARN_UNGUARDED_AVAILABILITY = YES_AGGRESSIVE;
				CLANG_WARN_UNREACHABLE_CODE = YES;
				CLANG_WARN__DUPLICATE_METHOD_MATCH = YES;
				COPY_PHASE_STRIP = NO;
				DEBUG_INFORMATION_FORMAT = "dwarf-with-dsym";
				ENABLE_NS_ASSERTIONS = NO;
				ENABLE_STRICT_OBJC_MSGSEND = YES;
				GCC_C_LANGUAGE_STANDARD = gnu11;
				GCC_NO_COMMON_BLOCKS = YES;
				GCC_WARN_64_TO_32_BIT_CONVERSION = YES;
				GCC_WARN_ABOUT_RETURN_TYPE = YES_ERROR;
				GCC_WARN_UNDECLARED_SELECTOR = YES;
				GCC_WARN_UNINITIALIZED_AUTOS = YES_AGGRESSIVE;
				GCC_WARN_UNUSED_FUNCTION = YES;
				GCC_WARN_UNUSED_VARIABLE = YES;
				IPHONEOS_DEPLOYMENT_TARGET = 16.2;
				MTL_ENABLE_DEBUG_INFO = NO;
				MTL_FAST_MATH = YES;
				SDKROOT = iphoneos;
				SWIFT_COMPILATION_MODE = wholemodule;
				SWIFT_OPTIMIZATION_LEVEL = "-O";
				VALIDATE_PRODUCT = YES;
			};
			name = Release;
		};
		0DDC4EDA2B83FCCB000345F9 /* Debug */ = {
			isa = XCBuildConfiguration;
			buildSettings = {
				ASSETCATALOG_COMPILER_APPICON_NAME = AppIcon;
				ASSETCATALOG_COMPILER_GLOBAL_ACCENT_COLOR_NAME = AccentColor;
				CODE_SIGN_STYLE = Automatic;
				CURRENT_PROJECT_VERSION = 1;
				GENERATE_INFOPLIST_FILE = YES;
				INFOPLIST_FILE = Lab_6/Info.plist;
				INFOPLIST_KEY_UIApplicationSupportsIndirectInputEvents = YES;
				INFOPLIST_KEY_UILaunchStoryboardName = LaunchScreen;
				INFOPLIST_KEY_UIMainStoryboardFile = Main;
				INFOPLIST_KEY_UISupportedInterfaceOrientations_iPad = "UIInterfaceOrientationPortrait UIInterfaceOrientationPortraitUpsideDown UIInterfaceOrientationLandscapeLeft UIInterfaceOrientationLandscapeRight";
				INFOPLIST_KEY_UISupportedInterfaceOrientations_iPhone = "UIInterfaceOrientationPortrait UIInterfaceOrientationLandscapeLeft UIInterfaceOrientationLandscapeRight";
				LD_RUNPATH_SEARCH_PATHS = (
					"$(inherited)",
					"@executable_path/Frameworks",
				);
				MARKETING_VERSION = 1.0;
				PRODUCT_BUNDLE_IDENTIFIER = "conestoga1.Lab-6";
				PRODUCT_NAME = "$(TARGET_NAME)";
				SWIFT_EMIT_LOC_STRINGS = YES;
				SWIFT_VERSION = 5.0;
				TARGETED_DEVICE_FAMILY = "1,2";
			};
			name = Debug;
		};
		0DDC4EDB2B83FCCB000345F9 /* Release */ = {
			isa = XCBuildConfiguration;
			buildSettings = {
				ASSETCATALOG_COMPILER_APPICON_NAME = AppIcon;
				ASSETCATALOG_COMPILER_GLOBAL_ACCENT_COLOR_NAME = AccentColor;
				CODE_SIGN_STYLE = Automatic;
				CURRENT_PROJECT_VERSION = 1;
				GENERATE_INFOPLIST_FILE = YES;
				INFOPLIST_FILE = Lab_6/Info.plist;
				INFOPLIST_KEY_UIApplicationSupportsIndirectInputEvents = YES;
				INFOPLIST_KEY_UILaunchStoryboardName = LaunchScreen;
				INFOPLIST_KEY_UIMainStoryboardFile = Main;
				INFOPLIST_KEY_UISupportedInterfaceOrientations_iPad = "UIInterfaceOrientationPortrait UIInterfaceOrientationPortraitUpsideDown UIInterfaceOrientationLandscapeLeft UIInterfaceOrientationLandscapeRight";
				INFOPLIST_KEY_UISupportedInterfaceOrientations_iPhone = "UIInterfaceOrientationPortrait UIInterfaceOrientationLandscapeLeft UIInterfaceOrientationLandscapeRight";
				LD_RUNPATH_SEARCH_PATHS = (
					"$(inherited)",
					"@executable_path/Frameworks",
				);
				MARKETING_VERSION = 1.0;
				PRODUCT_BUNDLE_IDENTIFIER = "conestoga1.Lab-6";
				PRODUCT_NAME = "$(TARGET_NAME)";
				SWIFT_EMIT_LOC_STRINGS = YES;
				SWIFT_VERSION = 5.0;
				TARGETED_DEVICE_FAMILY = "1,2";
			};
			name = Release;
		};
		0DDC4EDD2B83FCCB000345F9 /* Debug */ = {
			isa = XCBuildConfiguration;
			buildSettings = {
				ALWAYS_EMBED_SWIFT_STANDARD_LIBRARIES = YES;
				BUNDLE_LOADER = "$(TEST_HOST)";
				CODE_SIGN_STYLE = Automatic;
				CURRENT_PROJECT_VERSION = 1;
				GENERATE_INFOPLIST_FILE = YES;
				IPHONEOS_DEPLOYMENT_TARGET = 16.2;
				MARKETING_VERSION = 1.0;
				PRODUCT_BUNDLE_IDENTIFIER = "conestoga1.Lab-6Tests";
				PRODUCT_NAME = "$(TARGET_NAME)";
				SWIFT_EMIT_LOC_STRINGS = NO;
				SWIFT_VERSION = 5.0;
				TARGETED_DEVICE_FAMILY = "1,2";
				TEST_HOST = "$(BUILT_PRODUCTS_DIR)/Lab_6.app/$(BUNDLE_EXECUTABLE_FOLDER_PATH)/Lab_6";
			};
			name = Debug;
		};
		0DDC4EDE2B83FCCB000345F9 /* Release */ = {
			isa = XCBuildConfiguration;
			buildSettings = {
				ALWAYS_EMBED_SWIFT_STANDARD_LIBRARIES = YES;
				BUNDLE_LOADER = "$(TEST_HOST)";
				CODE_SIGN_STYLE = Automatic;
				CURRENT_PROJECT_VERSION = 1;
				GENERATE_INFOPLIST_FILE = YES;
				IPHONEOS_DEPLOYMENT_TARGET = 16.2;
				MARKETING_VERSION = 1.0;
				PRODUCT_BUNDLE_IDENTIFIER = "conestoga1.Lab-6Tests";
				PRODUCT_NAME = "$(TARGET_NAME)";
				SWIFT_EMIT_LOC_STRINGS = NO;
				SWIFT_VERSION = 5.0;
				TARGETED_DEVICE_FAMILY = "1,2";
				TEST_HOST = "$(BUILT_PRODUCTS_DIR)/Lab_6.app/$(BUNDLE_EXECUTABLE_FOLDER_PATH)/Lab_6";
			};
			name = Release;
		};
		0DDC4EE02B83FCCB000345F9 /* Debug */ = {
			isa = XCBuildConfiguration;
			buildSettings = {
				ALWAYS_EMBED_SWIFT_STANDARD_LIBRARIES = YES;
				CODE_SIGN_STYLE = Automatic;
				CURRENT_PROJECT_VERSION = 1;
				GENERATE_INFOPLIST_FILE = YES;
				MARKETING_VERSION = 1.0;
				PRODUCT_BUNDLE_IDENTIFIER = "conestoga1.Lab-6UITests";
				PRODUCT_NAME = "$(TARGET_NAME)";
				SWIFT_EMIT_LOC_STRINGS = NO;
				SWIFT_VERSION = 5.0;
				TARGETED_DEVICE_FAMILY = "1,2";
				TEST_TARGET_NAME = Lab_6;
			};
			name = Debug;
		};
		0DDC4EE12B83FCCB000345F9 /* Release */ = {
			isa = XCBuildConfiguration;
			buildSettings = {
				ALWAYS_EMBED_SWIFT_STANDARD_LIBRARIES = YES;
				CODE_SIGN_STYLE = Automatic;
				CURRENT_PROJECT_VERSION = 1;
				GENERATE_INFOPLIST_FILE = YES;
				MARKETING_VERSION = 1.0;
				PRODUCT_BUNDLE_IDENTIFIER = "conestoga1.Lab-6UITests";
				PRODUCT_NAME = "$(TARGET_NAME)";
				SWIFT_EMIT_LOC_STRINGS = NO;
				SWIFT_VERSION = 5.0;
				TARGETED_DEVICE_FAMILY = "1,2";
				TEST_TARGET_NAME = Lab_6;
			};
			name = Release;
		};
/* End XCBuildConfiguration section */

/* Begin XCConfigurationList section */
		0DDC4EAA2B83FCCA000345F9 /* Build configuration list for PBXProject "Lab_6" */ = {
			isa = XCConfigurationList;
			buildConfigurations = (
				0DDC4ED72B83FCCB000345F9 /* Debug */,
				0DDC4ED82B83FCCB000345F9 /* Release */,
			);
			defaultConfigurationIsVisible = 0;
			defaultConfigurationName = Release;
		};
		0DDC4ED92B83FCCB000345F9 /* Build configuration list for PBXNativeTarget "Lab_6" */ = {
			isa = XCConfigurationList;
			buildConfigurations = (
				0DDC4EDA2B83FCCB000345F9 /* Debug */,
				0DDC4EDB2B83FCCB000345F9 /* Release */,
			);
			defaultConfigurationIsVisible = 0;
			defaultConfigurationName = Release;
		};
		0DDC4EDC2B83FCCB000345F9 /* Build configuration list for PBXNativeTarget "Lab_6Tests" */ = {
			isa = XCConfigurationList;
			buildConfigurations = (
				0DDC4EDD2B83FCCB000345F9 /* Debug */,
				0DDC4EDE2B83FCCB000345F9 /* Release */,
			);
			defaultConfigurationIsVisible = 0;
			defaultConfigurationName = Release;
		};
		0DDC4EDF2B83FCCB000345F9 /* Build configuration list for PBXNativeTarget "Lab_6UITests" */ = {
			isa = XCConfigurationList;
			buildConfigurations = (
				0DDC4EE02B83FCCB000345F9 /* Debug */,
				0DDC4EE12B83FCCB000345F9 /* Release */,
			);
			defaultConfigurationIsVisible = 0;
			defaultConfigurationName = Release;
		};
/* End XCConfigurationList section */
	};
	rootObject = 0DDC4EA72B83FCCA000345F9 /* Project object */;
}
